
Microsoft Visual Studio Solution File, Format Version 12.00
# Visual Studio Version 17
VisualStudioVersion = 17.9.34902.65
MinimumVisualStudioVersion = 10.0.40219.1
Project("{00D1A9C2-B5F0-4AF3-8072-F6C62B433612}") = "ServerApp", "ServerApp\ServerApp.sqlproj", "{2EE98A5E-3F65-4BD3-A236-FEB303BCC188}"
EndProject
Global
	GlobalSection(SolutionConfigurationPlatforms) = preSolution
		Debug|Any CPU = Debug|Any CPU
		Release|Any CPU = Release|Any CPU
	EndGlobalSection
	GlobalSection(ProjectConfigurationPlatforms) = postSolution
		{2EE98A5E-3F65-4BD3-A236-FEB303BCC188}.Debug|Any CPU.ActiveCfg = Debug|Any CPU
		{2EE98A5E-3F65-4BD3-A236-FEB303BCC188}.Debug|Any CPU.Build.0 = Debug|Any CPU
		{2EE98A5E-3F65-4BD3-A236-FEB303BCC188}.Debug|Any CPU.Deploy.0 = Debug|Any CPU
		{2EE98A5E-3F65-4BD3-A236-FEB303BCC188}.Release|Any CPU.ActiveCfg = Release|Any CPU
		{2EE98A5E-3F65-4BD3-A236-FEB303BCC188}.Release|Any CPU.Build.0 = Release|Any CPU
		{2EE98A5E-3F65-4BD3-A236-FEB303BCC188}.Release|Any CPU.Deploy.0 = Release|Any CPU
	EndGlobalSection
	GlobalSection(SolutionProperties) = preSolution
		HideSolutionNode = FALSE
	EndGlobalSection
	GlobalSection(ExtensibilityGlobals) = postSolution
		SolutionGuid = {418D80BF-3989-4455-AEBC-392757301453}
	EndGlobalSection
EndGlobal
