
Microsoft Visual Studio Solution File, Format Version 12.00
# Visual Studio Version 18
VisualStudioVersion = 18.2.11415.280 d18.0
MinimumVisualStudioVersion = 10.0.40219.1
Project("{9A19103F-16F7-4668-BE54-9A1E7A4F7556}") = "ClientApp", "ClientApp\ClientApp.csproj", "{9AAC6247-A06C-4281-8F7A-2D598C51C6FB}"
EndProject
Global
	GlobalSection(SolutionConfigurationPlatforms) = preSolution
		Debug|Any CPU = Debug|Any CPU
		Release|Any CPU = Release|Any CPU
	EndGlobalSection
	GlobalSection(ProjectConfigurationPlatforms) = postSolution
		{9AAC6247-A06C-4281-8F7A-2D598C51C6FB}.Debug|Any CPU.ActiveCfg = Debug|Any CPU
		{9AAC6247-A06C-4281-8F7A-2D598C51C6FB}.Debug|Any CPU.Build.0 = Debug|Any CPU
		{9AAC6247-A06C-4281-8F7A-2D598C51C6FB}.Debug|Any CPU.Deploy.0 = Debug|Any CPU
		{9AAC6247-A06C-4281-8F7A-2D598C51C6FB}.Release|Any CPU.ActiveCfg = Release|Any CPU
		{9AAC6247-A06C-4281-8F7A-2D598C51C6FB}.Release|Any CPU.Build.0 = Release|Any CPU
		{9AAC6247-A06C-4281-8F7A-2D598C51C6FB}.Release|Any CPU.Deploy.0 = Release|Any CPU
	EndGlobalSection
	GlobalSection(SolutionProperties) = preSolution
		HideSolutionNode = FALSE
	EndGlobalSection
	GlobalSection(ExtensibilityGlobals) = postSolution
		SolutionGuid = {D34C8E17-1668-4DAD-8155-CEF91234D4A7}
	EndGlobalSection
EndGlobal
